
Microsoft Visual Studio Solution File, Format Version 12.00
Project("{9A19103F-16F7-4668-BE54-9A1E7A4F7556}") = "asl-utils", "src\asl-utils.csproj", "{7B6D1ED7-994E-4BD3-B497-0E75B69F015C}"
EndProject
Global
	GlobalSection(SolutionConfigurationPlatforms) = preSolution
		Debug|Any CPU = Debug|Any CPU
		Release|Any CPU = Release|Any CPU
	EndGlobalSection
	GlobalSection(ProjectConfigurationPlatforms) = postSolution
		{7B6D1ED7-994E-4BD3-B497-0E75B69F015C}.Debug|Any CPU.ActiveCfg = Debug|Any CPU
		{7B6D1ED7-994E-4BD3-B497-0E75B69F015C}.Debug|Any CPU.Build.0 = Debug|Any CPU
		{7B6D1ED7-994E-4BD3-B497-0E75B69F015C}.Release|Any CPU.ActiveCfg = Release|Any CPU
		{7B6D1ED7-994E-4BD3-B497-0E75B69F015C}.Release|Any CPU.Build.0 = Release|Any CPU
	EndGlobalSection
	GlobalSection(SolutionProperties) = preSolution
		HideSolutionNode = FALSE
	EndGlobalSection
	GlobalSection(ExtensibilityGlobals) = postSolution
		SolutionGuid = {89214B52-CFB3-420D-9E27-E40503DD6E37}
	EndGlobalSection
EndGlobal
